
Microsoft Visual Studio Solution File, Format Version 12.00
# Visual Studio Version 16
VisualStudioVersion = 16.0.30907.101
MinimumVisualStudioVersion = 10.0.40219.1
Project("{FAE04EC0-301F-11D3-BF4B-00C04F79EFBC}") = "UniqueArray", "UniqueArray\UniqueArray.csproj", "{3E94E91F-2909-4424-85A7-C2294EB222DD}"
EndProject
Global
	GlobalSection(SolutionConfigurationPlatforms) = preSolution
		Debug|Any CPU = Debug|Any CPU
		Release|Any CPU = Release|Any CPU
	EndGlobalSection
	GlobalSection(ProjectConfigurationPlatforms) = postSolution
		{3E94E91F-2909-4424-85A7-C2294EB222DD}.Debug|Any CPU.ActiveCfg = Debug|Any CPU
		{3E94E91F-2909-4424-85A7-C2294EB222DD}.Debug|Any CPU.Build.0 = Debug|Any CPU
		{3E94E91F-2909-4424-85A7-C2294EB222DD}.Release|Any CPU.ActiveCfg = Release|Any CPU
		{3E94E91F-2909-4424-85A7-C2294EB222DD}.Release|Any CPU.Build.0 = Release|Any CPU
	EndGlobalSection
	GlobalSection(SolutionProperties) = preSolution
		HideSolutionNode = FALSE
	EndGlobalSection
	GlobalSection(ExtensibilityGlobals) = postSolution
		SolutionGuid = {A40A648A-2F31-4EE2-A231-2E3F2CFD0791}
	EndGlobalSection
EndGlobal
